
Microsoft Visual Studio Solution File, Format Version 12.00
# Visual Studio Version 16
VisualStudioVersion = 16.0.29613.14
MinimumVisualStudioVersion = 10.0.40219.1
Project("{FAE04EC0-301F-11D3-BF4B-00C04F79EFBC}") = "Enigma", "Enigma.csproj", "{86C6D2D3-4251-4CD3-B374-BFF49CED1653}"
EndProject
Global
	GlobalSection(SolutionConfigurationPlatforms) = preSolution
		Debug|Any CPU = Debug|Any CPU
		Release|Any CPU = Release|Any CPU
	EndGlobalSection
	GlobalSection(ProjectConfigurationPlatforms) = postSolution
		{86C6D2D3-4251-4CD3-B374-BFF49CED1653}.Debug|Any CPU.ActiveCfg = Debug|Any CPU
		{86C6D2D3-4251-4CD3-B374-BFF49CED1653}.Debug|Any CPU.Build.0 = Debug|Any CPU
		{86C6D2D3-4251-4CD3-B374-BFF49CED1653}.Release|Any CPU.ActiveCfg = Release|Any CPU
		{86C6D2D3-4251-4CD3-B374-BFF49CED1653}.Release|Any CPU.Build.0 = Release|Any CPU
	EndGlobalSection
	GlobalSection(SolutionProperties) = preSolution
		HideSolutionNode = FALSE
	EndGlobalSection
	GlobalSection(ExtensibilityGlobals) = postSolution
		SolutionGuid = {FAE3E92D-46CD-4C0C-9FDF-2E702D9386EB}
	EndGlobalSection
EndGlobal
